// !$*UTF8*$!
{
	archiveVersion = 1;
	classes = {
	};
	objectVersion = 56;
	objects = {

/* Begin PBXBuildFile section */
		D5E0A7D32A58C9E100FE2E35 /* ToDoAppApp.swift in Sources */ = {isa = PBXBuildFile; fileRef = D5E0A7D22A58C9E100FE2E35 /* ToDoAppApp.swift */; };
		D5E0A7D52A58C9E100FE2E35 /* ContentView.swift in Sources */ = {isa = PBXBuildFile; fileRef = D5E0A7D42A58C9E100FE2E35 /* ContentView.swift */; };
		D5E0A7D72A58C9E400FE2E35 /* Assets.xcassets in Resources */ = {isa = PBXBuildFile; fileRef = D5E0A7D62A58C9E400FE2E35 /* Assets.xcassets */; };
		D5E0A7DA2A58C9E400FE2E35 /* Preview Assets.xcassets in Resources */ = {isa = PBXBuildFile; fileRef = D5E0A7D92A58C9E400FE2E35 /* Preview Assets.xcassets */; };
		D5E0A7E22A5932EB00FE2E35 /* TasksView.swift in Sources */ = {isa = PBXBuildFile; fileRef = D5E0A7E12A5932EB00FE2E35 /* TasksView.swift */; };
		D5E0A7E52A59338700FE2E35 /* TaskRow.swift in Sources */ = {isa = PBXBuildFile; fileRef = D5E0A7E42A59338700FE2E35 /* TaskRow.swift */; };
		D5E0A7E72A59344900FE2E35 /* AddTaskView.swift in Sources */ = {isa = PBXBuildFile; fileRef = D5E0A7E62A59344900FE2E35 /* AddTaskView.swift */; };
		D5E0A7EA2A59362800FE2E35 /* SmallAddButton.swift in Sources */ = {isa = PBXBuildFile; fileRef = D5E0A7E92A59362800FE2E35 /* SmallAddButton.swift */; };
		D5E0A7ED2A59457900FE2E35 /* Realm in Frameworks */ = {isa = PBXBuildFile; productRef = D5E0A7EC2A59457900FE2E35 /* Realm */; };
		D5E0A7EF2A59457900FE2E35 /* RealmSwift in Frameworks */ = {isa = PBXBuildFile; productRef = D5E0A7EE2A59457900FE2E35 /* RealmSwift */; };
		D5E0A7F22A5945A100FE2E35 /* RealmManager.swift in Sources */ = {isa = PBXBuildFile; fileRef = D5E0A7F12A5945A100FE2E35 /* RealmManager.swift */; };
		D5E0A7F52A59465600FE2E35 /* Task.swift in Sources */ = {isa = PBXBuildFile; fileRef = D5E0A7F42A59465600FE2E35 /* Task.swift */; };
/* End PBXBuildFile section */

/* Begin PBXFileReference section */
		D5E0A7CF2A58C9E100FE2E35 /* ToDoApp.app */ = {isa = PBXFileReference; explicitFileType = wrapper.application; includeInIndex = 0; path = ToDoApp.app; sourceTree = BUILT_PRODUCTS_DIR; };
		D5E0A7D22A58C9E100FE2E35 /* ToDoAppApp.swift */ = {isa = PBXFileReference; lastKnownFileType = sourcecode.swift; path = ToDoAppApp.swift; sourceTree = "<group>"; };
		D5E0A7D42A58C9E100FE2E35 /* ContentView.swift */ = {isa = PBXFileReference; lastKnownFileType = sourcecode.swift; path = ContentView.swift; sourceTree = "<group>"; };
		D5E0A7D62A58C9E400FE2E35 /* Assets.xcassets */ = {isa = PBXFileReference; lastKnownFileType = folder.assetcatalog; path = Assets.xcassets; sourceTree = "<group>"; };
		D5E0A7D92A58C9E400FE2E35 /* Preview Assets.xcassets */ = {isa = PBXFileReference; lastKnownFileType = folder.assetcatalog; path = "Preview Assets.xcassets"; sourceTree = "<group>"; };
		D5E0A7E12A5932EB00FE2E35 /* TasksView.swift */ = {isa = PBXFileReference; lastKnownFileType = sourcecode.swift; path = TasksView.swift; sourceTree = "<group>"; };
		D5E0A7E42A59338700FE2E35 /* TaskRow.swift */ = {isa = PBXFileReference; lastKnownFileType = sourcecode.swift; path = TaskRow.swift; sourceTree = "<group>"; };
		D5E0A7E62A59344900FE2E35 /* AddTaskView.swift */ = {isa = PBXFileReference; lastKnownFileType = sourcecode.swift; path = AddTaskView.swift; sourceTree = "<group>"; };
		D5E0A7E92A59362800FE2E35 /* SmallAddButton.swift */ = {isa = PBXFileReference; lastKnownFileType = sourcecode.swift; path = SmallAddButton.swift; sourceTree = "<group>"; };
		D5E0A7F12A5945A100FE2E35 /* RealmManager.swift */ = {isa = PBXFileReference; lastKnownFileType = sourcecode.swift; path = RealmManager.swift; sourceTree = "<group>"; };
		D5E0A7F42A59465600FE2E35 /* Task.swift */ = {isa = PBXFileReference; lastKnownFileType = sourcecode.swift; path = Task.swift; sourceTree = "<group>"; };
/* End PBXFileReference section */

/* Begin PBXFrameworksBuildPhase section */
		D5E0A7CC2A58C9E100FE2E35 /* Frameworks */ = {
			isa = PBXFrameworksBuildPhase;
			buildActionMask = 2147483647;
			files = (
				D5E0A7EF2A59457900FE2E35 /* RealmSwift in Frameworks */,
				D5E0A7ED2A59457900FE2E35 /* Realm in Frameworks */,
			);
			runOnlyForDeploymentPostprocessing = 0;
		};
/* End PBXFrameworksBuildPhase section */

/* Begin PBXGroup section */
		D5E0A7C62A58C9E100FE2E35 = {
			isa = PBXGroup;
			children = (
				D5E0A7D12A58C9E100FE2E35 /* ToDoApp */,
				D5E0A7D02A58C9E100FE2E35 /* Products */,
			);
			sourceTree = "<group>";
		};
		D5E0A7D02A58C9E100FE2E35 /* Products */ = {
			isa = PBXGroup;
			children = (
				D5E0A7CF2A58C9E100FE2E35 /* ToDoApp.app */,
			);
			name = Products;
			sourceTree = "<group>";
		};
		D5E0A7D12A58C9E100FE2E35 /* ToDoApp */ = {
			isa = PBXGroup;
			children = (
				D5E0A7F32A59464700FE2E35 /* Models */,
				D5E0A7F02A59458F00FE2E35 /* Managers */,
				D5E0A7E82A59361A00FE2E35 /* Component */,
				D5E0A7E32A59337900FE2E35 /* Row */,
				D5E0A7E02A5932DF00FE2E35 /* View */,
				D5E0A7D22A58C9E100FE2E35 /* ToDoAppApp.swift */,
				D5E0A7D62A58C9E400FE2E35 /* Assets.xcassets */,
				D5E0A7D82A58C9E400FE2E35 /* Preview Content */,
			);
			path = ToDoApp;
			sourceTree = "<group>";
		};
		D5E0A7D82A58C9E400FE2E35 /* Preview Content */ = {
			isa = PBXGroup;
			children = (
				D5E0A7D92A58C9E400FE2E35 /* Preview Assets.xcassets */,
			);
			path = "Preview Content";
			sourceTree = "<group>";
		};
		D5E0A7E02A5932DF00FE2E35 /* View */ = {
			isa = PBXGroup;
			children = (
				D5E0A7D42A58C9E100FE2E35 /* ContentView.swift */,
				D5E0A7E12A5932EB00FE2E35 /* TasksView.swift */,
				D5E0A7E62A59344900FE2E35 /* AddTaskView.swift */,
			);
			path = View;
			sourceTree = "<group>";
		};
		D5E0A7E32A59337900FE2E35 /* Row */ = {
			isa = PBXGroup;
			children = (
				D5E0A7E42A59338700FE2E35 /* TaskRow.swift */,
			);
			path = Row;
			sourceTree = "<group>";
		};
		D5E0A7E82A59361A00FE2E35 /* Component */ = {
			isa = PBXGroup;
			children = (
				D5E0A7E92A59362800FE2E35 /* SmallAddButton.swift */,
			);
			path = Component;
			sourceTree = "<group>";
		};
		D5E0A7F02A59458F00FE2E35 /* Managers */ = {
			isa = PBXGroup;
			children = (
				D5E0A7F12A5945A100FE2E35 /* RealmManager.swift */,
			);
			path = Managers;
			sourceTree = "<group>";
		};
		D5E0A7F32A59464700FE2E35 /* Models */ = {
			isa = PBXGroup;
			children = (
				D5E0A7F42A59465600FE2E35 /* Task.swift */,
			);
			path = Models;
			sourceTree = "<group>";
		};
/* End PBXGroup section */

/* Begin PBXNativeTarget section */
		D5E0A7CE2A58C9E100FE2E35 /* ToDoApp */ = {
			isa = PBXNativeTarget;
			buildConfigurationList = D5E0A7DD2A58C9E400FE2E35 /* Build configuration list for PBXNativeTarget "ToDoApp" */;
			buildPhases = (
				D5E0A7CB2A58C9E100FE2E35 /* Sources */,
				D5E0A7CC2A58C9E100FE2E35 /* Frameworks */,
				D5E0A7CD2A58C9E100FE2E35 /* Resources */,
			);
			buildRules = (
			);
			dependencies = (
			);
			name = ToDoApp;
			packageProductDependencies = (
				D5E0A7EC2A59457900FE2E35 /* Realm */,
				D5E0A7EE2A59457900FE2E35 /* RealmSwift */,
			);
			productName = ToDoApp;
			productReference = D5E0A7CF2A58C9E100FE2E35 /* ToDoApp.app */;
			productType = "com.apple.product-type.application";
		};
/* End PBXNativeTarget section */

/* Begin PBXProject section */
		D5E0A7C72A58C9E100FE2E35 /* Project object */ = {
			isa = PBXProject;
			attributes = {
				BuildIndependentTargetsInParallel = 1;
				LastSwiftUpdateCheck = 1430;
				LastUpgradeCheck = 1430;
				TargetAttributes = {
					D5E0A7CE2A58C9E100FE2E35 = {
						CreatedOnToolsVersion = 14.3.1;
					};
				};
			};
			buildConfigurationList = D5E0A7CA2A58C9E100FE2E35 /* Build configuration list for PBXProject "ToDoApp" */;
			compatibilityVersion = "Xcode 14.0";
			developmentRegion = en;
			hasScannedForEncodings = 0;
			knownRegions = (
				en,
				Base,
			);
			mainGroup = D5E0A7C62A58C9E100FE2E35;
			packageReferences = (
				D5E0A7EB2A59457900FE2E35 /* XCRemoteSwiftPackageReference "realm-cocoa" */,
			);
			productRefGroup = D5E0A7D02A58C9E100FE2E35 /* Products */;
			projectDirPath = "";
			projectRoot = "";
			targets = (
				D5E0A7CE2A58C9E100FE2E35 /* ToDoApp */,
			);
		};
/* End PBXProject section */

/* Begin PBXResourcesBuildPhase section */
		D5E0A7CD2A58C9E100FE2E35 /* Resources */ = {
			isa = PBXResourcesBuildPhase;
			buildActionMask = 2147483647;
			files = (
				D5E0A7DA2A58C9E400FE2E35 /* Preview Assets.xcassets in Resources */,
				D5E0A7D72A58C9E400FE2E35 /* Assets.xcassets in Resources */,
			);
			runOnlyForDeploymentPostprocessing = 0;
		};
/* End PBXResourcesBuildPhase section */

/* Begin PBXSourcesBuildPhase section */
		D5E0A7CB2A58C9E100FE2E35 /* Sources */ = {
			isa = PBXSourcesBuildPhase;
			buildActionMask = 2147483647;
			files = (
				D5E0A7F52A59465600FE2E35 /* Task.swift in Sources */,
				D5E0A7D52A58C9E100FE2E35 /* ContentView.swift in Sources */,
				D5E0A7E72A59344900FE2E35 /* AddTaskView.swift in Sources */,
				D5E0A7E22A5932EB00FE2E35 /* TasksView.swift in Sources */,
				D5E0A7EA2A59362800FE2E35 /* SmallAddButton.swift in Sources */,
				D5E0A7D32A58C9E100FE2E35 /* ToDoAppApp.swift in Sources */,
				D5E0A7F22A5945A100FE2E35 /* RealmManager.swift in Sources */,
				D5E0A7E52A59338700FE2E35 /* TaskRow.swift in Sources */,
			);
			runOnlyForDeploymentPostprocessing = 0;
		};
/* End PBXSourcesBuildPhase section */

/* Begin XCBuildConfiguration section */
		D5E0A7DB2A58C9E400FE2E35 /* Debug */ = {
			isa = XCBuildConfiguration;
			buildSettings = {
				ALWAYS_SEARCH_USER_PATHS = NO;
				CLANG_ANALYZER_NONNULL = YES;
				CLANG_ANALYZER_NUMBER_OBJECT_CONVERSION = YES_AGGRESSIVE;
				CLANG_CXX_LANGUAGE_STANDARD = "gnu++20";
				CLANG_ENABLE_MODULES = YES;
				CLANG_ENABLE_OBJC_ARC = YES;
				CLANG_ENABLE_OBJC_WEAK = YES;
				CLANG_WARN_BLOCK_CAPTURE_AUTORELEASING = YES;
				CLANG_WARN_BOOL_CONVERSION = YES;
				CLANG_WARN_COMMA = YES;
				CLANG_WARN_CONSTANT_CONVERSION = YES;
				CLANG_WARN_DEPRECATED_OBJC_IMPLEMENTATIONS = YES;
				CLANG_WARN_DIRECT_OBJC_ISA_USAGE = YES_ERROR;
				CLANG_WARN_DOCUMENTATION_COMMENTS = YES;
				CLANG_WARN_EMPTY_BODY = YES;
				CLANG_WARN_ENUM_CONVERSION = YES;
				CLANG_WARN_INFINITE_RECURSION = YES;
				CLANG_WARN_INT_CONVERSION = YES;
				CLANG_WARN_NON_LITERAL_NULL_CONVERSION = YES;
				CLANG_WARN_OBJC_IMPLICIT_RETAIN_SELF = YES;
				CLANG_WARN_OBJC_LITERAL_CONVERSION = YES;
				CLANG_WARN_OBJC_ROOT_CLASS = YES_ERROR;
				CLANG_WARN_QUOTED_INCLUDE_IN_FRAMEWORK_HEADER = YES;
				CLANG_WARN_RANGE_LOOP_ANALYSIS = YES;
				CLANG_WARN_STRICT_PROTOTYPES = YES;
				CLANG_WARN_SUSPICIOUS_MOVE = YES;
				CLANG_WARN_UNGUARDED_AVAILABILITY = YES_AGGRESSIVE;
				CLANG_WARN_UNREACHABLE_CODE = YES;
				CLANG_WARN__DUPLICATE_METHOD_MATCH = YES;
				COPY_PHASE_STRIP = NO;
				DEBUG_INFORMATION_FORMAT = dwarf;
				ENABLE_STRICT_OBJC_MSGSEND = YES;
				ENABLE_TESTABILITY = YES;
				GCC_C_LANGUAGE_STANDARD = gnu11;
				GCC_DYNAMIC_NO_PIC = NO;
				GCC_NO_COMMON_BLOCKS = YES;
				GCC_OPTIMIZATION_LEVEL = 0;
				GCC_PREPROCESSOR_DEFINITIONS = (
					"DEBUG=1",
					"$(inherited)",
				);
				GCC_WARN_64_TO_32_BIT_CONVERSION = YES;
				GCC_WARN_ABOUT_RETURN_TYPE = YES_ERROR;
				GCC_WARN_UNDECLARED_SELECTOR = YES;
				GCC_WARN_UNINITIALIZED_AUTOS = YES_AGGRESSIVE;
				GCC_WARN_UNUSED_FUNCTION = YES;
				GCC_WARN_UNUSED_VARIABLE = YES;
				IPHONEOS_DEPLOYMENT_TARGET = 16.4;
				MTL_ENABLE_DEBUG_INFO = INCLUDE_SOURCE;
				MTL_FAST_MATH = YES;
				ONLY_ACTIVE_ARCH = YES;
				SDKROOT = iphoneos;
				SWIFT_ACTIVE_COMPILATION_CONDITIONS = DEBUG;
				SWIFT_OPTIMIZATION_LEVEL = "-Onone";
			};
			name = Debug;
		};
		D5E0A7DC2A58C9E400FE2E35 /* Release */ = {
			isa = XCBuildConfiguration;
			buildSettings = {
				ALWAYS_SEARCH_USER_PATHS = NO;
				CLANG_ANALYZER_NONNULL = YES;
				CLANG_ANALYZER_NUMBER_OBJECT_CONVERSION = YES_AGGRESSIVE;
				CLANG_CXX_LANGUAGE_STANDARD = "gnu++20";
				CLANG_ENABLE_MODULES = YES;
				CLANG_ENABLE_OBJC_ARC = YES;
				CLANG_ENABLE_OBJC_WEAK = YES;
				CLANG_WARN_BLOCK_CAPTURE_AUTORELEASING = YES;
				CLANG_WARN_BOOL_CONVERSION = YES;
				CLANG_WARN_COMMA = YES;
				CLANG_WARN_CONSTANT_CONVERSION = YES;
				CLANG_WARN_DEPRECATED_OBJC_IMPLEMENTATIONS = YES;
				CLANG_WARN_DIRECT_OBJC_ISA_USAGE = YES_ERROR;
				CLANG_WARN_DOCUMENTATION_COMMENTS = YES;
				CLANG_WARN_EMPTY_BODY = YES;
				CLANG_WARN_ENUM_CONVERSION = YES;
				CLANG_WARN_INFINITE_RECURSION = YES;
				CLANG_WARN_INT_CONVERSION = YES;
				CLANG_WARN_NON_LITERAL_NULL_CONVERSION = YES;
				CLANG_WARN_OBJC_IMPLICIT_RETAIN_SELF = YES;
				CLANG_WARN_OBJC_LITERAL_CONVERSION = YES;
				CLANG_WARN_OBJC_ROOT_CLASS = YES_ERROR;
				CLANG_WARN_QUOTED_INCLUDE_IN_FRAMEWORK_HEADER = YES;
				CLANG_WARN_RANGE_LOOP_ANALYSIS = YES;
				CLANG_WARN_STRICT_PROTOTYPES = YES;
				CLANG_WARN_SUSPICIOUS_MOVE = YES;
				CLANG_WARN_UNGUARDED_AVAILABILITY = YES_AGGRESSIVE;
				CLANG_WARN_UNREACHABLE_CODE = YES;
				CLANG_WARN__DUPLICATE_METHOD_MATCH = YES;
				COPY_PHASE_STRIP = NO;
				DEBUG_INFORMATION_FORMAT = "dwarf-with-dsym";
				ENABLE_NS_ASSERTIONS = NO;
				ENABLE_STRICT_OBJC_MSGSEND = YES;
				GCC_C_LANGUAGE_STANDARD = gnu11;
				GCC_NO_COMMON_BLOCKS = YES;
				GCC_WARN_64_TO_32_BIT_CONVERSION = YES;
				GCC_WARN_ABOUT_RETURN_TYPE = YES_ERROR;
				GCC_WARN_UNDECLARED_SELECTOR = YES;
				GCC_WARN_UNINITIALIZED_AUTOS = YES_AGGRESSIVE;
				GCC_WARN_UNUSED_FUNCTION = YES;
				GCC_WARN_UNUSED_VARIABLE = YES;
				IPHONEOS_DEPLOYMENT_TARGET = 16.4;
				MTL_ENABLE_DEBUG_INFO = NO;
				MTL_FAST_MATH = YES;
				SDKROOT = iphoneos;
				SWIFT_COMPILATION_MODE = wholemodule;
				SWIFT_OPTIMIZATION_LEVEL = "-O";
				VALIDATE_PRODUCT = YES;
			};
			name = Release;
		};
		D5E0A7DE2A58C9E400FE2E35 /* Debug */ = {
			isa = XCBuildConfiguration;
			buildSettings = {
				ASSETCATALOG_COMPILER_APPICON_NAME = AppIcon;
				ASSETCATALOG_COMPILER_GLOBAL_ACCENT_COLOR_NAME = AccentColor;
				CODE_SIGN_STYLE = Automatic;
				CURRENT_PROJECT_VERSION = 1;
				DEVELOPMENT_ASSET_PATHS = "\"ToDoApp/Preview Content\"";
				ENABLE_PREVIEWS = YES;
				GENERATE_INFOPLIST_FILE = YES;
				INFOPLIST_KEY_UIApplicationSceneManifest_Generation = YES;
				INFOPLIST_KEY_UIApplicationSupportsIndirectInputEvents = YES;
				INFOPLIST_KEY_UILaunchScreen_Generation = YES;
				INFOPLIST_KEY_UISupportedInterfaceOrientations_iPad = "UIInterfaceOrientationPortrait UIInterfaceOrientationPortraitUpsideDown UIInterfaceOrientationLandscapeLeft UIInterfaceOrientationLandscapeRight";
				INFOPLIST_KEY_UISupportedInterfaceOrientations_iPhone = "UIInterfaceOrientationPortrait UIInterfaceOrientationLandscapeLeft UIInterfaceOrientationLandscapeRight";
				LD_RUNPATH_SEARCH_PATHS = (
					"$(inherited)",
					"@executable_path/Frameworks",
				);
				MARKETING_VERSION = 1.0;
				PRODUCT_BUNDLE_IDENTIFIER = app.hardibsalih.ToDoApp;
				PRODUCT_NAME = "$(TARGET_NAME)";
				SWIFT_EMIT_LOC_STRINGS = YES;
				SWIFT_VERSION = 5.0;
				TARGETED_DEVICE_FAMILY = "1,2";
			};
			name = Debug;
		};
		D5E0A7DF2A58C9E400FE2E35 /* Release */ = {
			isa = XCBuildConfiguration;
			buildSettings = {
				ASSETCATALOG_COMPILER_APPICON_NAME = AppIcon;
				ASSETCATALOG_COMPILER_GLOBAL_ACCENT_COLOR_NAME = AccentColor;
				CODE_SIGN_STYLE = Automatic;
				CURRENT_PROJECT_VERSION = 1;
				DEVELOPMENT_ASSET_PATHS = "\"ToDoApp/Preview Content\"";
				ENABLE_PREVIEWS = YES;
				GENERATE_INFOPLIST_FILE = YES;
				INFOPLIST_KEY_UIApplicationSceneManifest_Generation = YES;
				INFOPLIST_KEY_UIApplicationSupportsIndirectInputEvents = YES;
				INFOPLIST_KEY_UILaunchScreen_Generation = YES;
				INFOPLIST_KEY_UISupportedInterfaceOrientations_iPad = "UIInterfaceOrientationPortrait UIInterfaceOrientationPortraitUpsideDown UIInterfaceOrientationLandscapeLeft UIInterfaceOrientationLandscapeRight";
				INFOPLIST_KEY_UISupportedInterfaceOrientations_iPhone = "UIInterfaceOrientationPortrait UIInterfaceOrientationLandscapeLeft UIInterfaceOrientationLandscapeRight";
				LD_RUNPATH_SEARCH_PATHS = (
					"$(inherited)",
					"@executable_path/Frameworks",
				);
				MARKETING_VERSION = 1.0;
				PRODUCT_BUNDLE_IDENTIFIER = app.hardibsalih.ToDoApp;
				PRODUCT_NAME = "$(TARGET_NAME)";
				SWIFT_EMIT_LOC_STRINGS = YES;
				SWIFT_VERSION = 5.0;
				TARGETED_DEVICE_FAMILY = "1,2";
			};
			name = Release;
		};
/* End XCBuildConfiguration section */

/* Begin XCConfigurationList section */
		D5E0A7CA2A58C9E100FE2E35 /* Build configuration list for PBXProject "ToDoApp" */ = {
			isa = XCConfigurationList;
			buildConfigurations = (
				D5E0A7DB2A58C9E400FE2E35 /* Debug */,
				D5E0A7DC2A58C9E400FE2E35 /* Release */,
			);
			defaultConfigurationIsVisible = 0;
			defaultConfigurationName = Release;
		};
		D5E0A7DD2A58C9E400FE2E35 /* Build configuration list for PBXNativeTarget "ToDoApp" */ = {
			isa = XCConfigurationList;
			buildConfigurations = (
				D5E0A7DE2A58C9E400FE2E35 /* Debug */,
				D5E0A7DF2A58C9E400FE2E35 /* Release */,
			);
			defaultConfigurationIsVisible = 0;
			defaultConfigurationName = Release;
		};
/* End XCConfigurationList section */

/* Begin XCRemoteSwiftPackageReference section */
		D5E0A7EB2A59457900FE2E35 /* XCRemoteSwiftPackageReference "realm-cocoa" */ = {
			isa = XCRemoteSwiftPackageReference;
			repositoryURL = "https://github.com/realm/realm-cocoa.git";
			requirement = {
				kind = upToNextMajorVersion;
				minimumVersion = 10.10.0;
			};
		};
/* End XCRemoteSwiftPackageReference section */

/* Begin XCSwiftPackageProductDependency section */
		D5E0A7EC2A59457900FE2E35 /* Realm */ = {
			isa = XCSwiftPackageProductDependency;
			package = D5E0A7EB2A59457900FE2E35 /* XCRemoteSwiftPackageReference "realm-cocoa" */;
			productName = Realm;
		};
		D5E0A7EE2A59457900FE2E35 /* RealmSwift */ = {
			isa = XCSwiftPackageProductDependency;
			package = D5E0A7EB2A59457900FE2E35 /* XCRemoteSwiftPackageReference "realm-cocoa" */;
			productName = RealmSwift;
		};
/* End XCSwiftPackageProductDependency section */
	};
	rootObject = D5E0A7C72A58C9E100FE2E35 /* Project object */;
}
